
Microsoft Visual Studio Solution File, Format Version 12.00
# Visual Studio Version 17
VisualStudioVersion = 17.0.31903.59
MinimumVisualStudioVersion = 10.0.40219.1
Project("{2150E333-8FDC-42A3-9474-1A3956D46DE8}") = "src", "src", "{827E0CD3-B72D-47B6-A68D-7590B98EB39B}"
EndProject
Project("{FAE04EC0-301F-11D3-BF4B-00C04F79EFBC}") = "seat-viewer-api", "src\seat-viewer-api\seat-viewer-api.csproj", "{585ED289-0BB0-4A12-9A1D-F0D078DE24CC}"
EndProject
Project("{FAE04EC0-301F-11D3-BF4B-00C04F79EFBC}") = "seat-viewer-domain", "src\seat-viewer-domain\seat-viewer-domain.csproj", "{09C40C7F-A4DE-41F8-940A-B69EFA12D516}"
EndProject
Project("{FAE04EC0-301F-11D3-BF4B-00C04F79EFBC}") = "seat-viewer-infrastructure", "src\seat-viewer-infrastructure\seat-viewer-infrastructure.csproj", "{B3B3FCBF-4B1C-410A-A334-157C56052292}"
EndProject
Project("{2150E333-8FDC-42A3-9474-1A3956D46DE8}") = "tests", "tests", "{0AB3BF05-4346-4AA6-1389-037BE0695223}"
EndProject
Project("{FAE04EC0-301F-11D3-BF4B-00C04F79EFBC}") = "seat-viewer-tests", "tests\seat-viewer-tests\seat-viewer-tests.csproj", "{C0C2E7BB-82B7-4D5C-8426-E3E1AE19578D}"
EndProject
Global
	GlobalSection(SolutionConfigurationPlatforms) = preSolution
		Debug|Any CPU = Debug|Any CPU
		Debug|x64 = Debug|x64
		Debug|x86 = Debug|x86
		Release|Any CPU = Release|Any CPU
		Release|x64 = Release|x64
		Release|x86 = Release|x86
	EndGlobalSection
	GlobalSection(ProjectConfigurationPlatforms) = postSolution
		{585ED289-0BB0-4A12-9A1D-F0D078DE24CC}.Debug|Any CPU.ActiveCfg = Debug|Any CPU
		{585ED289-0BB0-4A12-9A1D-F0D078DE24CC}.Debug|Any CPU.Build.0 = Debug|Any CPU
		{585ED289-0BB0-4A12-9A1D-F0D078DE24CC}.Debug|x64.ActiveCfg = Debug|Any CPU
		{585ED289-0BB0-4A12-9A1D-F0D078DE24CC}.Debug|x64.Build.0 = Debug|Any CPU
		{585ED289-0BB0-4A12-9A1D-F0D078DE24CC}.Debug|x86.ActiveCfg = Debug|Any CPU
		{585ED289-0BB0-4A12-9A1D-F0D078DE24CC}.Debug|x86.Build.0 = Debug|Any CPU
		{585ED289-0BB0-4A12-9A1D-F0D078DE24CC}.Release|Any CPU.ActiveCfg = Release|Any CPU
		{585ED289-0BB0-4A12-9A1D-F0D078DE24CC}.Release|Any CPU.Build.0 = Release|Any CPU
		{585ED289-0BB0-4A12-9A1D-F0D078DE24CC}.Release|x64.ActiveCfg = Release|Any CPU
		{585ED289-0BB0-4A12-9A1D-F0D078DE24CC}.Release|x64.Build.0 = Release|Any CPU
		{585ED289-0BB0-4A12-9A1D-F0D078DE24CC}.Release|x86.ActiveCfg = Release|Any CPU
		{585ED289-0BB0-4A12-9A1D-F0D078DE24CC}.Release|x86.Build.0 = Release|Any CPU
		{09C40C7F-A4DE-41F8-940A-B69EFA12D516}.Debug|Any CPU.ActiveCfg = Debug|Any CPU
		{09C40C7F-A4DE-41F8-940A-B69EFA12D516}.Debug|Any CPU.Build.0 = Debug|Any CPU
		{09C40C7F-A4DE-41F8-940A-B69EFA12D516}.Debug|x64.ActiveCfg = Debug|Any CPU
		{09C40C7F-A4DE-41F8-940A-B69EFA12D516}.Debug|x64.Build.0 = Debug|Any CPU
		{09C40C7F-A4DE-41F8-940A-B69EFA12D516}.Debug|x86.ActiveCfg = Debug|Any CPU
		{09C40C7F-A4DE-41F8-940A-B69EFA12D516}.Debug|x86.Build.0 = Debug|Any CPU
		{09C40C7F-A4DE-41F8-940A-B69EFA12D516}.Release|Any CPU.ActiveCfg = Release|Any CPU
		{09C40C7F-A4DE-41F8-940A-B69EFA12D516}.Release|Any CPU.Build.0 = Release|Any CPU
		{09C40C7F-A4DE-41F8-940A-B69EFA12D516}.Release|x64.ActiveCfg = Release|Any CPU
		{09C40C7F-A4DE-41F8-940A-B69EFA12D516}.Release|x64.Build.0 = Release|Any CPU
		{09C40C7F-A4DE-41F8-940A-B69EFA12D516}.Release|x86.ActiveCfg = Release|Any CPU
		{09C40C7F-A4DE-41F8-940A-B69EFA12D516}.Release|x86.Build.0 = Release|Any CPU
		{B3B3FCBF-4B1C-410A-A334-157C56052292}.Debug|Any CPU.ActiveCfg = Debug|Any CPU
		{B3B3FCBF-4B1C-410A-A334-157C56052292}.Debug|Any CPU.Build.0 = Debug|Any CPU
		{B3B3FCBF-4B1C-410A-A334-157C56052292}.Debug|x64.ActiveCfg = Debug|Any CPU
		{B3B3FCBF-4B1C-410A-A334-157C56052292}.Debug|x64.Build.0 = Debug|Any CPU
		{B3B3FCBF-4B1C-410A-A334-157C56052292}.Debug|x86.ActiveCfg = Debug|Any CPU
		{B3B3FCBF-4B1C-410A-A334-157C56052292}.Debug|x86.Build.0 = Debug|Any CPU
		{B3B3FCBF-4B1C-410A-A334-157C56052292}.Release|Any CPU.ActiveCfg = Release|Any CPU
		{B3B3FCBF-4B1C-410A-A334-157C56052292}.Release|Any CPU.Build.0 = Release|Any CPU
		{B3B3FCBF-4B1C-410A-A334-157C56052292}.Release|x64.ActiveCfg = Release|Any CPU
		{B3B3FCBF-4B1C-410A-A334-157C56052292}.Release|x64.Build.0 = Release|Any CPU
		{B3B3FCBF-4B1C-410A-A334-157C56052292}.Release|x86.ActiveCfg = Release|Any CPU
		{B3B3FCBF-4B1C-410A-A334-157C56052292}.Release|x86.Build.0 = Release|Any CPU
		{C0C2E7BB-82B7-4D5C-8426-E3E1AE19578D}.Debug|Any CPU.ActiveCfg = Debug|Any CPU
		{C0C2E7BB-82B7-4D5C-8426-E3E1AE19578D}.Debug|Any CPU.Build.0 = Debug|Any CPU
		{C0C2E7BB-82B7-4D5C-8426-E3E1AE19578D}.Debug|x64.ActiveCfg = Debug|Any CPU
		{C0C2E7BB-82B7-4D5C-8426-E3E1AE19578D}.Debug|x64.Build.0 = Debug|Any CPU
		{C0C2E7BB-82B7-4D5C-8426-E3E1AE19578D}.Debug|x86.ActiveCfg = Debug|Any CPU
		{C0C2E7BB-82B7-4D5C-8426-E3E1AE19578D}.Debug|x86.Build.0 = Debug|Any CPU
		{C0C2E7BB-82B7-4D5C-8426-E3E1AE19578D}.Release|Any CPU.ActiveCfg = Release|Any CPU
		{C0C2E7BB-82B7-4D5C-8426-E3E1AE19578D}.Release|Any CPU.Build.0 = Release|Any CPU
		{C0C2E7BB-82B7-4D5C-8426-E3E1AE19578D}.Release|x64.ActiveCfg = Release|Any CPU
		{C0C2E7BB-82B7-4D5C-8426-E3E1AE19578D}.Release|x64.Build.0 = Release|Any CPU
		{C0C2E7BB-82B7-4D5C-8426-E3E1AE19578D}.Release|x86.ActiveCfg = Release|Any CPU
		{C0C2E7BB-82B7-4D5C-8426-E3E1AE19578D}.Release|x86.Build.0 = Release|Any CPU
	EndGlobalSection
	GlobalSection(SolutionProperties) = preSolution
		HideSolutionNode = FALSE
	EndGlobalSection
	GlobalSection(NestedProjects) = preSolution
		{585ED289-0BB0-4A12-9A1D-F0D078DE24CC} = {827E0CD3-B72D-47B6-A68D-7590B98EB39B}
		{09C40C7F-A4DE-41F8-940A-B69EFA12D516} = {827E0CD3-B72D-47B6-A68D-7590B98EB39B}
		{B3B3FCBF-4B1C-410A-A334-157C56052292} = {827E0CD3-B72D-47B6-A68D-7590B98EB39B}
		{C0C2E7BB-82B7-4D5C-8426-E3E1AE19578D} = {0AB3BF05-4346-4AA6-1389-037BE0695223}
	EndGlobalSection
EndGlobal
