Microsoft Visual Studio Solution File, Format Version 12.00
# Visual Studio Version 17
VisualStudioVersion = 17.5.2.0
MinimumVisualStudioVersion = 10.0.40219.1
Project("{2150E333-8FDC-42A3-9474-1A3956D46DE8}") = "src", "src", "{827E0CD3-B72D-47B6-A68D-7590B98EB39B}"
EndProject
Project("{2150E333-8FDC-42A3-9474-1A3956D46DE8}") = "tests", "tests", "{0AB3BF05-4346-4AA6-1389-037BE0695223}"
EndProject
Project("{FAE04EC0-301F-11D3-BF4B-00C04F79EFBC}") = "seat-viewer-api", "src\seat-viewer-api\seat-viewer-api.csproj", "{FA78BC6B-C64A-C14C-E22C-835627DFA53D}"
EndProject
Project("{FAE04EC0-301F-11D3-BF4B-00C04F79EFBC}") = "seat-viewer-domain", "src\seat-viewer-domain\seat-viewer-domain.csproj", "{2BDFFEEB-677F-99F3-E076-C8A2E0430A4C}"
EndProject
Project("{FAE04EC0-301F-11D3-BF4B-00C04F79EFBC}") = "seat-viewer-infrastructure", "src\seat-viewer-infrastructure\seat-viewer-infrastructure.csproj", "{B307FF45-2AAD-2D72-E3B7-968F25D1731C}"
EndProject
Project("{FAE04EC0-301F-11D3-BF4B-00C04F79EFBC}") = "seat-viewer-tests", "tests\seat-viewer-tests\seat-viewer-tests.csproj", "{05248D45-470E-F049-46D6-AB716949612E}"
EndProject
Global
	GlobalSection(SolutionConfigurationPlatforms) = preSolution
		Debug|Any CPU = Debug|Any CPU
		Release|Any CPU = Release|Any CPU
	EndGlobalSection
	GlobalSection(ProjectConfigurationPlatforms) = postSolution
		{FA78BC6B-C64A-C14C-E22C-835627DFA53D}.Debug|Any CPU.ActiveCfg = Debug|Any CPU
		{FA78BC6B-C64A-C14C-E22C-835627DFA53D}.Debug|Any CPU.Build.0 = Debug|Any CPU
		{FA78BC6B-C64A-C14C-E22C-835627DFA53D}.Release|Any CPU.ActiveCfg = Release|Any CPU
		{FA78BC6B-C64A-C14C-E22C-835627DFA53D}.Release|Any CPU.Build.0 = Release|Any CPU
		{2BDFFEEB-677F-99F3-E076-C8A2E0430A4C}.Debug|Any CPU.ActiveCfg = Debug|Any CPU
		{2BDFFEEB-677F-99F3-E076-C8A2E0430A4C}.Debug|Any CPU.Build.0 = Debug|Any CPU
		{2BDFFEEB-677F-99F3-E076-C8A2E0430A4C}.Release|Any CPU.ActiveCfg = Release|Any CPU
		{2BDFFEEB-677F-99F3-E076-C8A2E0430A4C}.Release|Any CPU.Build.0 = Release|Any CPU
		{B307FF45-2AAD-2D72-E3B7-968F25D1731C}.Debug|Any CPU.ActiveCfg = Debug|Any CPU
		{B307FF45-2AAD-2D72-E3B7-968F25D1731C}.Debug|Any CPU.Build.0 = Debug|Any CPU
		{B307FF45-2AAD-2D72-E3B7-968F25D1731C}.Release|Any CPU.ActiveCfg = Release|Any CPU
		{B307FF45-2AAD-2D72-E3B7-968F25D1731C}.Release|Any CPU.Build.0 = Release|Any CPU
		{05248D45-470E-F049-46D6-AB716949612E}.Debug|Any CPU.ActiveCfg = Debug|Any CPU
		{05248D45-470E-F049-46D6-AB716949612E}.Debug|Any CPU.Build.0 = Debug|Any CPU
		{05248D45-470E-F049-46D6-AB716949612E}.Release|Any CPU.ActiveCfg = Release|Any CPU
		{05248D45-470E-F049-46D6-AB716949612E}.Release|Any CPU.Build.0 = Release|Any CPU
	EndGlobalSection
	GlobalSection(SolutionProperties) = preSolution
		HideSolutionNode = FALSE
	EndGlobalSection
	GlobalSection(NestedProjects) = preSolution
		{FA78BC6B-C64A-C14C-E22C-835627DFA53D} = {827E0CD3-B72D-47B6-A68D-7590B98EB39B}
		{2BDFFEEB-677F-99F3-E076-C8A2E0430A4C} = {827E0CD3-B72D-47B6-A68D-7590B98EB39B}
		{B307FF45-2AAD-2D72-E3B7-968F25D1731C} = {827E0CD3-B72D-47B6-A68D-7590B98EB39B}
		{05248D45-470E-F049-46D6-AB716949612E} = {0AB3BF05-4346-4AA6-1389-037BE0695223}
	EndGlobalSection
	GlobalSection(ExtensibilityGlobals) = postSolution
		SolutionGuid = {E424F374-23C1-4182-A9E4-9D80C65E8036}
	EndGlobalSection
EndGlobal
